
Microsoft Visual Studio Solution File, Format Version 12.00
# Visual Studio Version 17
VisualStudioVersion = 17.11.35327.3
MinimumVisualStudioVersion = 10.0.40219.1
Project("{8BC9CEB8-8B4A-11D0-8D11-00A0C91BC942}") = "과제 2-1", "과제 2-1\과제 2-1.vcxproj", "{B4063CA8-8E48-439C-956E-96511514557C}"
EndProject
Project("{8BC9CEB8-8B4A-11D0-8D11-00A0C91BC942}") = "과제 2-2", "과제 2-2\과제 2-2.vcxproj", "{2FFCF4E0-C8F8-4256-95A5-A6A1BDE939A9}"
EndProject
Project("{8BC9CEB8-8B4A-11D0-8D11-00A0C91BC942}") = "과제 2-3", "과제 2-3\과제 2-3.vcxproj", "{AB655A91-99B4-4FBA-912F-597DD004606B}"
EndProject
Project("{8BC9CEB8-8B4A-11D0-8D11-00A0C91BC942}") = "과제 2-4", "과제 2-4\과제 2-4.vcxproj", "{6149B2F7-9812-4372-9963-71369D44B116}"
EndProject
Project("{8BC9CEB8-8B4A-11D0-8D11-00A0C91BC942}") = "test", "test\test.vcxproj", "{FFF46728-FA85-4303-B4E0-BD14599AB9DC}"
EndProject
Project("{8BC9CEB8-8B4A-11D0-8D11-00A0C91BC942}") = "과제 3-1", "과제 3-1\과제 3-1.vcxproj", "{8AE38133-738A-4AB7-8691-BA57C96DBA81}"
EndProject
Project("{8BC9CEB8-8B4A-11D0-8D11-00A0C91BC942}") = "과제 3-2", "과제 3-2\과제 3-2.vcxproj", "{86FBDB02-1CA0-4A7E-9CD7-6B6333E49648}"
EndProject
Project("{8BC9CEB8-8B4A-11D0-8D11-00A0C91BC942}") = "과제 4-1", "과제 4-1\과제 4-1.vcxproj", "{94C49D3C-31E6-45BB-A28E-C612162E9F06}"
EndProject
Project("{8BC9CEB8-8B4A-11D0-8D11-00A0C91BC942}") = "과제 4-2", "과제 4-2\과제 4-2.vcxproj", "{4D7D45A3-2F3D-47A0-B314-944B4BB57884}"
EndProject
Project("{8BC9CEB8-8B4A-11D0-8D11-00A0C91BC942}") = "과제 4-3", "과제 4-3\과제 4-3.vcxproj", "{E5052EF2-A346-4C65-A881-9E43C64AD947}"
EndProject
Project("{8BC9CEB8-8B4A-11D0-8D11-00A0C91BC942}") = "과제 5-1", "과제 5-1\과제 5-1.vcxproj", "{8BC3C548-BBD4-4076-8E82-8CF7CED3B716}"
EndProject
Project("{8BC9CEB8-8B4A-11D0-8D11-00A0C91BC942}") = "과제 5-2", "과제 5-2\과제 5-2.vcxproj", "{34808D59-9D21-4153-9EB1-653DA27B2133}"
EndProject
Project("{8BC9CEB8-8B4A-11D0-8D11-00A0C91BC942}") = "과제 5-3", "과제 5-3\과제 5-3.vcxproj", "{7F3B1498-3A94-4180-ADD4-47690E919B05}"
EndProject
Project("{8BC9CEB8-8B4A-11D0-8D11-00A0C91BC942}") = "과제 6-1(2)", "과제 6-1\과제 6-1.vcxproj", "{AACFC42F-4519-4BEB-80B3-6D44A836294D}"
EndProject
Project("{8BC9CEB8-8B4A-11D0-8D11-00A0C91BC942}") = "과제 6-2(2)", "과제 6-2\과제 6-2.vcxproj", "{0F45912E-E525-4984-B8D4-868815F4856F}"
EndProject
Project("{8BC9CEB8-8B4A-11D0-8D11-00A0C91BC942}") = "과제 6-1(1)", "과제 6-1(1)\과제 6-1(1).vcxproj", "{6F6CACCE-8C21-4B51-B591-5199C0C81085}"
EndProject
Project("{8BC9CEB8-8B4A-11D0-8D11-00A0C91BC942}") = "과제 6-2(1)", "과제 6-2(1)\과제 6-2(1).vcxproj", "{9018C396-0419-498C-B809-1AD5D17974CF}"
EndProject
Project("{8BC9CEB8-8B4A-11D0-8D11-00A0C91BC942}") = "과제 7-1(1)", "과제 7-1(1)\과제 7-1(1).vcxproj", "{469BD322-06E7-4E48-A09D-E2F8EAEB56C6}"
EndProject
Project("{8BC9CEB8-8B4A-11D0-8D11-00A0C91BC942}") = "과제 7-1(2)", "과제 7-1(2)\과제 7-1(2).vcxproj", "{D5677AB2-7201-4822-B4CD-6A6BC10ABA07}"
EndProject
Project("{8BC9CEB8-8B4A-11D0-8D11-00A0C91BC942}") = "과제 7-2(1)", "과제 7-2(1)\과제 7-2(1).vcxproj", "{0764D20B-9513-4198-9E29-9B8B36206A40}"
EndProject
Project("{8BC9CEB8-8B4A-11D0-8D11-00A0C91BC942}") = "과제 7-2(2)", "과제 7-2(2)\과제 7-2(2).vcxproj", "{75BB6E82-FE2A-4DEB-BB62-3D42B9E48635}"
EndProject
Project("{8BC9CEB8-8B4A-11D0-8D11-00A0C91BC942}") = "과제 6-3", "과제 6-33\과제 6-33.vcxproj", "{32FF09BE-76CB-4719-9A97-E1B12885F73B}"
EndProject
Project("{8BC9CEB8-8B4A-11D0-8D11-00A0C91BC942}") = "과제 8-1", "과제 8-1\과제 8-1.vcxproj", "{F433B757-BECC-44C1-846A-F56BB2C8176A}"
EndProject
Project("{8BC9CEB8-8B4A-11D0-8D11-00A0C91BC942}") = "과제 8-2", "과제 8-2\과제 8-2.vcxproj", "{F246AA1D-B417-4826-847D-25991B39654B}"
EndProject
Project("{8BC9CEB8-8B4A-11D0-8D11-00A0C91BC942}") = "과제 9-1", "과제 9-1\과제 9-1.vcxproj", "{F4D9FBAC-EC81-4EA2-9ECD-CDFA89737BF4}"
EndProject
Project("{8BC9CEB8-8B4A-11D0-8D11-00A0C91BC942}") = "과제 9-2(1)", "과제 9-2\과제 9-2.vcxproj", "{B79368A7-B67B-42DC-86E6-C88C59F07F10}"
EndProject
Project("{8BC9CEB8-8B4A-11D0-8D11-00A0C91BC942}") = "과제 9-2(2)", "과제 9-2(2)\과제 9-2(2).vcxproj", "{29604CF1-3E12-42BD-A33C-73BD7B7EA862}"
EndProject
Project("{8BC9CEB8-8B4A-11D0-8D11-00A0C91BC942}") = "과제10-1(1)", "과제 10-1(1)\과제 10-1(1).vcxproj", "{0F0E1B70-3EEB-4ABA-AFD7-75E287018432}"
EndProject
Project("{8BC9CEB8-8B4A-11D0-8D11-00A0C91BC942}") = "과제10-1(2)", "과제10-1(2)\과제10-1(2).vcxproj", "{2037ECFD-A1EE-428D-B8E2-D602C040B56B}"
EndProject
Project("{8BC9CEB8-8B4A-11D0-8D11-00A0C91BC942}") = "과제10-2", "과제10-2\과제10-2.vcxproj", "{630171D8-63C6-44CC-B012-2DAB279E9DC1}"
EndProject
Project("{8BC9CEB8-8B4A-11D0-8D11-00A0C91BC942}") = "과제11-1(1)", "과제11-1(1)\과제11-1(1).vcxproj", "{BBFAD3E9-5D5F-4437-AE13-8F4CC61C1083}"
EndProject
Project("{8BC9CEB8-8B4A-11D0-8D11-00A0C91BC942}") = "과제11-1(2)", "과제11-1(2)\과제11-1(2).vcxproj", "{845CE534-5182-4A33-9C7D-E6F39C10EB1B}"
EndProject
Project("{8BC9CEB8-8B4A-11D0-8D11-00A0C91BC942}") = "과제11-2(1)", "과제11-2(1)\과제11-2(1).vcxproj", "{C52F4FC3-6391-4230-BC18-5F4AD589AD14}"
EndProject
Project("{8BC9CEB8-8B4A-11D0-8D11-00A0C91BC942}") = "과제11-2(2)", "과제11-2(2)\과제11-2(2).vcxproj", "{8EC8A306-8F40-404B-B4F5-19DC82EC5D04}"
EndProject
Project("{8BC9CEB8-8B4A-11D0-8D11-00A0C91BC942}") = "과제12-1(1)", "과제12-1(1)\과제12-1(1).vcxproj", "{968D2366-8983-430A-94EB-9B835E0ED1A7}"
EndProject
Project("{8BC9CEB8-8B4A-11D0-8D11-00A0C91BC942}") = "과제12-1(2)", "과제12-1(2)\과제12-1(2).vcxproj", "{D1E2CEFE-668A-4A6F-AA35-143C9AA3BF99}"
EndProject
Project("{8BC9CEB8-8B4A-11D0-8D11-00A0C91BC942}") = "과제12-2", "과제12-2\과제12-2.vcxproj", "{73902119-3A72-4000-8D7A-8DE3E7D5FBCB}"
EndProject
Global
	GlobalSection(SolutionConfigurationPlatforms) = preSolution
		Debug|x64 = Debug|x64
		Debug|x86 = Debug|x86
		Release|x64 = Release|x64
		Release|x86 = Release|x86
	EndGlobalSection
	GlobalSection(ProjectConfigurationPlatforms) = postSolution
		{B4063CA8-8E48-439C-956E-96511514557C}.Debug|x64.ActiveCfg = Debug|x64
		{B4063CA8-8E48-439C-956E-96511514557C}.Debug|x64.Build.0 = Debug|x64
		{B4063CA8-8E48-439C-956E-96511514557C}.Debug|x86.ActiveCfg = Debug|Win32
		{B4063CA8-8E48-439C-956E-96511514557C}.Debug|x86.Build.0 = Debug|Win32
		{B4063CA8-8E48-439C-956E-96511514557C}.Release|x64.ActiveCfg = Release|x64
		{B4063CA8-8E48-439C-956E-96511514557C}.Release|x64.Build.0 = Release|x64
		{B4063CA8-8E48-439C-956E-96511514557C}.Release|x86.ActiveCfg = Release|Win32
		{B4063CA8-8E48-439C-956E-96511514557C}.Release|x86.Build.0 = Release|Win32
		{2FFCF4E0-C8F8-4256-95A5-A6A1BDE939A9}.Debug|x64.ActiveCfg = Debug|x64
		{2FFCF4E0-C8F8-4256-95A5-A6A1BDE939A9}.Debug|x64.Build.0 = Debug|x64
		{2FFCF4E0-C8F8-4256-95A5-A6A1BDE939A9}.Debug|x86.ActiveCfg = Debug|Win32
		{2FFCF4E0-C8F8-4256-95A5-A6A1BDE939A9}.Debug|x86.Build.0 = Debug|Win32
		{2FFCF4E0-C8F8-4256-95A5-A6A1BDE939A9}.Release|x64.ActiveCfg = Release|x64
		{2FFCF4E0-C8F8-4256-95A5-A6A1BDE939A9}.Release|x64.Build.0 = Release|x64
		{2FFCF4E0-C8F8-4256-95A5-A6A1BDE939A9}.Release|x86.ActiveCfg = Release|Win32
		{2FFCF4E0-C8F8-4256-95A5-A6A1BDE939A9}.Release|x86.Build.0 = Release|Win32
		{AB655A91-99B4-4FBA-912F-597DD004606B}.Debug|x64.ActiveCfg = Debug|x64
		{AB655A91-99B4-4FBA-912F-597DD004606B}.Debug|x64.Build.0 = Debug|x64
		{AB655A91-99B4-4FBA-912F-597DD004606B}.Debug|x86.ActiveCfg = Debug|Win32
		{AB655A91-99B4-4FBA-912F-597DD004606B}.Debug|x86.Build.0 = Debug|Win32
		{AB655A91-99B4-4FBA-912F-597DD004606B}.Release|x64.ActiveCfg = Release|x64
		{AB655A91-99B4-4FBA-912F-597DD004606B}.Release|x64.Build.0 = Release|x64
		{AB655A91-99B4-4FBA-912F-597DD004606B}.Release|x86.ActiveCfg = Release|Win32
		{AB655A91-99B4-4FBA-912F-597DD004606B}.Release|x86.Build.0 = Release|Win32
		{6149B2F7-9812-4372-9963-71369D44B116}.Debug|x64.ActiveCfg = Debug|x64
		{6149B2F7-9812-4372-9963-71369D44B116}.Debug|x64.Build.0 = Debug|x64
		{6149B2F7-9812-4372-9963-71369D44B116}.Debug|x86.ActiveCfg = Debug|Win32
		{6149B2F7-9812-4372-9963-71369D44B116}.Debug|x86.Build.0 = Debug|Win32
		{6149B2F7-9812-4372-9963-71369D44B116}.Release|x64.ActiveCfg = Release|x64
		{6149B2F7-9812-4372-9963-71369D44B116}.Release|x64.Build.0 = Release|x64
		{6149B2F7-9812-4372-9963-71369D44B116}.Release|x86.ActiveCfg = Release|Win32
		{6149B2F7-9812-4372-9963-71369D44B116}.Release|x86.Build.0 = Release|Win32
		{FFF46728-FA85-4303-B4E0-BD14599AB9DC}.Debug|x64.ActiveCfg = Debug|x64
		{FFF46728-FA85-4303-B4E0-BD14599AB9DC}.Debug|x64.Build.0 = Debug|x64
		{FFF46728-FA85-4303-B4E0-BD14599AB9DC}.Debug|x86.ActiveCfg = Debug|Win32
		{FFF46728-FA85-4303-B4E0-BD14599AB9DC}.Debug|x86.Build.0 = Debug|Win32
		{FFF46728-FA85-4303-B4E0-BD14599AB9DC}.Release|x64.ActiveCfg = Release|x64
		{FFF46728-FA85-4303-B4E0-BD14599AB9DC}.Release|x64.Build.0 = Release|x64
		{FFF46728-FA85-4303-B4E0-BD14599AB9DC}.Release|x86.ActiveCfg = Release|Win32
		{FFF46728-FA85-4303-B4E0-BD14599AB9DC}.Release|x86.Build.0 = Release|Win32
		{8AE38133-738A-4AB7-8691-BA57C96DBA81}.Debug|x64.ActiveCfg = Debug|x64
		{8AE38133-738A-4AB7-8691-BA57C96DBA81}.Debug|x64.Build.0 = Debug|x64
		{8AE38133-738A-4AB7-8691-BA57C96DBA81}.Debug|x86.ActiveCfg = Debug|Win32
		{8AE38133-738A-4AB7-8691-BA57C96DBA81}.Debug|x86.Build.0 = Debug|Win32
		{8AE38133-738A-4AB7-8691-BA57C96DBA81}.Release|x64.ActiveCfg = Release|x64
		{8AE38133-738A-4AB7-8691-BA57C96DBA81}.Release|x64.Build.0 = Release|x64
		{8AE38133-738A-4AB7-8691-BA57C96DBA81}.Release|x86.ActiveCfg = Release|Win32
		{8AE38133-738A-4AB7-8691-BA57C96DBA81}.Release|x86.Build.0 = Release|Win32
		{86FBDB02-1CA0-4A7E-9CD7-6B6333E49648}.Debug|x64.ActiveCfg = Debug|x64
		{86FBDB02-1CA0-4A7E-9CD7-6B6333E49648}.Debug|x64.Build.0 = Debug|x64
		{86FBDB02-1CA0-4A7E-9CD7-6B6333E49648}.Debug|x86.ActiveCfg = Debug|Win32
		{86FBDB02-1CA0-4A7E-9CD7-6B6333E49648}.Debug|x86.Build.0 = Debug|Win32
		{86FBDB02-1CA0-4A7E-9CD7-6B6333E49648}.Release|x64.ActiveCfg = Release|x64
		{86FBDB02-1CA0-4A7E-9CD7-6B6333E49648}.Release|x64.Build.0 = Release|x64
		{86FBDB02-1CA0-4A7E-9CD7-6B6333E49648}.Release|x86.ActiveCfg = Release|Win32
		{86FBDB02-1CA0-4A7E-9CD7-6B6333E49648}.Release|x86.Build.0 = Release|Win32
		{94C49D3C-31E6-45BB-A28E-C612162E9F06}.Debug|x64.ActiveCfg = Debug|x64
		{94C49D3C-31E6-45BB-A28E-C612162E9F06}.Debug|x64.Build.0 = Debug|x64
		{94C49D3C-31E6-45BB-A28E-C612162E9F06}.Debug|x86.ActiveCfg = Debug|Win32
		{94C49D3C-31E6-45BB-A28E-C612162E9F06}.Debug|x86.Build.0 = Debug|Win32
		{94C49D3C-31E6-45BB-A28E-C612162E9F06}.Release|x64.ActiveCfg = Release|x64
		{94C49D3C-31E6-45BB-A28E-C612162E9F06}.Release|x64.Build.0 = Release|x64
		{94C49D3C-31E6-45BB-A28E-C612162E9F06}.Release|x86.ActiveCfg = Release|Win32
		{94C49D3C-31E6-45BB-A28E-C612162E9F06}.Release|x86.Build.0 = Release|Win32
		{4D7D45A3-2F3D-47A0-B314-944B4BB57884}.Debug|x64.ActiveCfg = Debug|x64
		{4D7D45A3-2F3D-47A0-B314-944B4BB57884}.Debug|x64.Build.0 = Debug|x64
		{4D7D45A3-2F3D-47A0-B314-944B4BB57884}.Debug|x86.ActiveCfg = Debug|Win32
		{4D7D45A3-2F3D-47A0-B314-944B4BB57884}.Debug|x86.Build.0 = Debug|Win32
		{4D7D45A3-2F3D-47A0-B314-944B4BB57884}.Release|x64.ActiveCfg = Release|x64
		{4D7D45A3-2F3D-47A0-B314-944B4BB57884}.Release|x64.Build.0 = Release|x64
		{4D7D45A3-2F3D-47A0-B314-944B4BB57884}.Release|x86.ActiveCfg = Release|Win32
		{4D7D45A3-2F3D-47A0-B314-944B4BB57884}.Release|x86.Build.0 = Release|Win32
		{E5052EF2-A346-4C65-A881-9E43C64AD947}.Debug|x64.ActiveCfg = Debug|x64
		{E5052EF2-A346-4C65-A881-9E43C64AD947}.Debug|x64.Build.0 = Debug|x64
		{E5052EF2-A346-4C65-A881-9E43C64AD947}.Debug|x86.ActiveCfg = Debug|Win32
		{E5052EF2-A346-4C65-A881-9E43C64AD947}.Debug|x86.Build.0 = Debug|Win32
		{E5052EF2-A346-4C65-A881-9E43C64AD947}.Release|x64.ActiveCfg = Release|x64
		{E5052EF2-A346-4C65-A881-9E43C64AD947}.Release|x64.Build.0 = Release|x64
		{E5052EF2-A346-4C65-A881-9E43C64AD947}.Release|x86.ActiveCfg = Release|Win32
		{E5052EF2-A346-4C65-A881-9E43C64AD947}.Release|x86.Build.0 = Release|Win32
		{8BC3C548-BBD4-4076-8E82-8CF7CED3B716}.Debug|x64.ActiveCfg = Debug|x64
		{8BC3C548-BBD4-4076-8E82-8CF7CED3B716}.Debug|x64.Build.0 = Debug|x64
		{8BC3C548-BBD4-4076-8E82-8CF7CED3B716}.Debug|x86.ActiveCfg = Debug|Win32
		{8BC3C548-BBD4-4076-8E82-8CF7CED3B716}.Debug|x86.Build.0 = Debug|Win32
		{8BC3C548-BBD4-4076-8E82-8CF7CED3B716}.Release|x64.ActiveCfg = Release|x64
		{8BC3C548-BBD4-4076-8E82-8CF7CED3B716}.Release|x64.Build.0 = Release|x64
		{8BC3C548-BBD4-4076-8E82-8CF7CED3B716}.Release|x86.ActiveCfg = Release|Win32
		{8BC3C548-BBD4-4076-8E82-8CF7CED3B716}.Release|x86.Build.0 = Release|Win32
		{34808D59-9D21-4153-9EB1-653DA27B2133}.Debug|x64.ActiveCfg = Debug|x64
		{34808D59-9D21-4153-9EB1-653DA27B2133}.Debug|x64.Build.0 = Debug|x64
		{34808D59-9D21-4153-9EB1-653DA27B2133}.Debug|x86.ActiveCfg = Debug|Win32
		{34808D59-9D21-4153-9EB1-653DA27B2133}.Debug|x86.Build.0 = Debug|Win32
		{34808D59-9D21-4153-9EB1-653DA27B2133}.Release|x64.ActiveCfg = Release|x64
		{34808D59-9D21-4153-9EB1-653DA27B2133}.Release|x64.Build.0 = Release|x64
		{34808D59-9D21-4153-9EB1-653DA27B2133}.Release|x86.ActiveCfg = Release|Win32
		{34808D59-9D21-4153-9EB1-653DA27B2133}.Release|x86.Build.0 = Release|Win32
		{7F3B1498-3A94-4180-ADD4-47690E919B05}.Debug|x64.ActiveCfg = Debug|x64
		{7F3B1498-3A94-4180-ADD4-47690E919B05}.Debug|x64.Build.0 = Debug|x64
		{7F3B1498-3A94-4180-ADD4-47690E919B05}.Debug|x86.ActiveCfg = Debug|Win32
		{7F3B1498-3A94-4180-ADD4-47690E919B05}.Debug|x86.Build.0 = Debug|Win32
		{7F3B1498-3A94-4180-ADD4-47690E919B05}.Release|x64.ActiveCfg = Release|x64
		{7F3B1498-3A94-4180-ADD4-47690E919B05}.Release|x64.Build.0 = Release|x64
		{7F3B1498-3A94-4180-ADD4-47690E919B05}.Release|x86.ActiveCfg = Release|Win32
		{7F3B1498-3A94-4180-ADD4-47690E919B05}.Release|x86.Build.0 = Release|Win32
		{AACFC42F-4519-4BEB-80B3-6D44A836294D}.Debug|x64.ActiveCfg = Debug|x64
		{AACFC42F-4519-4BEB-80B3-6D44A836294D}.Debug|x64.Build.0 = Debug|x64
		{AACFC42F-4519-4BEB-80B3-6D44A836294D}.Debug|x86.ActiveCfg = Debug|Win32
		{AACFC42F-4519-4BEB-80B3-6D44A836294D}.Debug|x86.Build.0 = Debug|Win32
		{AACFC42F-4519-4BEB-80B3-6D44A836294D}.Release|x64.ActiveCfg = Release|x64
		{AACFC42F-4519-4BEB-80B3-6D44A836294D}.Release|x64.Build.0 = Release|x64
		{AACFC42F-4519-4BEB-80B3-6D44A836294D}.Release|x86.ActiveCfg = Release|Win32
		{AACFC42F-4519-4BEB-80B3-6D44A836294D}.Release|x86.Build.0 = Release|Win32
		{0F45912E-E525-4984-B8D4-868815F4856F}.Debug|x64.ActiveCfg = Debug|x64
		{0F45912E-E525-4984-B8D4-868815F4856F}.Debug|x64.Build.0 = Debug|x64
		{0F45912E-E525-4984-B8D4-868815F4856F}.Debug|x86.ActiveCfg = Debug|Win32
		{0F45912E-E525-4984-B8D4-868815F4856F}.Debug|x86.Build.0 = Debug|Win32
		{0F45912E-E525-4984-B8D4-868815F4856F}.Release|x64.ActiveCfg = Release|x64
		{0F45912E-E525-4984-B8D4-868815F4856F}.Release|x64.Build.0 = Release|x64
		{0F45912E-E525-4984-B8D4-868815F4856F}.Release|x86.ActiveCfg = Release|Win32
		{0F45912E-E525-4984-B8D4-868815F4856F}.Release|x86.Build.0 = Release|Win32
		{6F6CACCE-8C21-4B51-B591-5199C0C81085}.Debug|x64.ActiveCfg = Debug|x64
		{6F6CACCE-8C21-4B51-B591-5199C0C81085}.Debug|x64.Build.0 = Debug|x64
		{6F6CACCE-8C21-4B51-B591-5199C0C81085}.Debug|x86.ActiveCfg = Debug|Win32
		{6F6CACCE-8C21-4B51-B591-5199C0C81085}.Debug|x86.Build.0 = Debug|Win32
		{6F6CACCE-8C21-4B51-B591-5199C0C81085}.Release|x64.ActiveCfg = Release|x64
		{6F6CACCE-8C21-4B51-B591-5199C0C81085}.Release|x64.Build.0 = Release|x64
		{6F6CACCE-8C21-4B51-B591-5199C0C81085}.Release|x86.ActiveCfg = Release|Win32
		{6F6CACCE-8C21-4B51-B591-5199C0C81085}.Release|x86.Build.0 = Release|Win32
		{9018C396-0419-498C-B809-1AD5D17974CF}.Debug|x64.ActiveCfg = Debug|x64
		{9018C396-0419-498C-B809-1AD5D17974CF}.Debug|x64.Build.0 = Debug|x64
		{9018C396-0419-498C-B809-1AD5D17974CF}.Debug|x86.ActiveCfg = Debug|Win32
		{9018C396-0419-498C-B809-1AD5D17974CF}.Debug|x86.Build.0 = Debug|Win32
		{9018C396-0419-498C-B809-1AD5D17974CF}.Release|x64.ActiveCfg = Release|x64
		{9018C396-0419-498C-B809-1AD5D17974CF}.Release|x64.Build.0 = Release|x64
		{9018C396-0419-498C-B809-1AD5D17974CF}.Release|x86.ActiveCfg = Release|Win32
		{9018C396-0419-498C-B809-1AD5D17974CF}.Release|x86.Build.0 = Release|Win32
		{469BD322-06E7-4E48-A09D-E2F8EAEB56C6}.Debug|x64.ActiveCfg = Debug|x64
		{469BD322-06E7-4E48-A09D-E2F8EAEB56C6}.Debug|x64.Build.0 = Debug|x64
		{469BD322-06E7-4E48-A09D-E2F8EAEB56C6}.Debug|x86.ActiveCfg = Debug|Win32
		{469BD322-06E7-4E48-A09D-E2F8EAEB56C6}.Debug|x86.Build.0 = Debug|Win32
		{469BD322-06E7-4E48-A09D-E2F8EAEB56C6}.Release|x64.ActiveCfg = Release|x64
		{469BD322-06E7-4E48-A09D-E2F8EAEB56C6}.Release|x64.Build.0 = Release|x64
		{469BD322-06E7-4E48-A09D-E2F8EAEB56C6}.Release|x86.ActiveCfg = Release|Win32
		{469BD322-06E7-4E48-A09D-E2F8EAEB56C6}.Release|x86.Build.0 = Release|Win32
		{D5677AB2-7201-4822-B4CD-6A6BC10ABA07}.Debug|x64.ActiveCfg = Debug|x64
		{D5677AB2-7201-4822-B4CD-6A6BC10ABA07}.Debug|x64.Build.0 = Debug|x64
		{D5677AB2-7201-4822-B4CD-6A6BC10ABA07}.Debug|x86.ActiveCfg = Debug|Win32
		{D5677AB2-7201-4822-B4CD-6A6BC10ABA07}.Debug|x86.Build.0 = Debug|Win32
		{D5677AB2-7201-4822-B4CD-6A6BC10ABA07}.Release|x64.ActiveCfg = Release|x64
		{D5677AB2-7201-4822-B4CD-6A6BC10ABA07}.Release|x64.Build.0 = Release|x64
		{D5677AB2-7201-4822-B4CD-6A6BC10ABA07}.Release|x86.ActiveCfg = Release|Win32
		{D5677AB2-7201-4822-B4CD-6A6BC10ABA07}.Release|x86.Build.0 = Release|Win32
		{0764D20B-9513-4198-9E29-9B8B36206A40}.Debug|x64.ActiveCfg = Debug|x64
		{0764D20B-9513-4198-9E29-9B8B36206A40}.Debug|x64.Build.0 = Debug|x64
		{0764D20B-9513-4198-9E29-9B8B36206A40}.Debug|x86.ActiveCfg = Debug|Win32
		{0764D20B-9513-4198-9E29-9B8B36206A40}.Debug|x86.Build.0 = Debug|Win32
		{0764D20B-9513-4198-9E29-9B8B36206A40}.Release|x64.ActiveCfg = Release|x64
		{0764D20B-9513-4198-9E29-9B8B36206A40}.Release|x64.Build.0 = Release|x64
		{0764D20B-9513-4198-9E29-9B8B36206A40}.Release|x86.ActiveCfg = Release|Win32
		{0764D20B-9513-4198-9E29-9B8B36206A40}.Release|x86.Build.0 = Release|Win32
		{75BB6E82-FE2A-4DEB-BB62-3D42B9E48635}.Debug|x64.ActiveCfg = Debug|x64
		{75BB6E82-FE2A-4DEB-BB62-3D42B9E48635}.Debug|x64.Build.0 = Debug|x64
		{75BB6E82-FE2A-4DEB-BB62-3D42B9E48635}.Debug|x86.ActiveCfg = Debug|Win32
		{75BB6E82-FE2A-4DEB-BB62-3D42B9E48635}.Debug|x86.Build.0 = Debug|Win32
		{75BB6E82-FE2A-4DEB-BB62-3D42B9E48635}.Release|x64.ActiveCfg = Release|x64
		{75BB6E82-FE2A-4DEB-BB62-3D42B9E48635}.Release|x64.Build.0 = Release|x64
		{75BB6E82-FE2A-4DEB-BB62-3D42B9E48635}.Release|x86.ActiveCfg = Release|Win32
		{75BB6E82-FE2A-4DEB-BB62-3D42B9E48635}.Release|x86.Build.0 = Release|Win32
		{32FF09BE-76CB-4719-9A97-E1B12885F73B}.Debug|x64.ActiveCfg = Debug|x64
		{32FF09BE-76CB-4719-9A97-E1B12885F73B}.Debug|x64.Build.0 = Debug|x64
		{32FF09BE-76CB-4719-9A97-E1B12885F73B}.Debug|x86.ActiveCfg = Debug|Win32
		{32FF09BE-76CB-4719-9A97-E1B12885F73B}.Debug|x86.Build.0 = Debug|Win32
		{32FF09BE-76CB-4719-9A97-E1B12885F73B}.Release|x64.ActiveCfg = Release|x64
		{32FF09BE-76CB-4719-9A97-E1B12885F73B}.Release|x64.Build.0 = Release|x64
		{32FF09BE-76CB-4719-9A97-E1B12885F73B}.Release|x86.ActiveCfg = Release|Win32
		{32FF09BE-76CB-4719-9A97-E1B12885F73B}.Release|x86.Build.0 = Release|Win32
		{F433B757-BECC-44C1-846A-F56BB2C8176A}.Debug|x64.ActiveCfg = Debug|x64
		{F433B757-BECC-44C1-846A-F56BB2C8176A}.Debug|x64.Build.0 = Debug|x64
		{F433B757-BECC-44C1-846A-F56BB2C8176A}.Debug|x86.ActiveCfg = Debug|Win32
		{F433B757-BECC-44C1-846A-F56BB2C8176A}.Debug|x86.Build.0 = Debug|Win32
		{F433B757-BECC-44C1-846A-F56BB2C8176A}.Release|x64.ActiveCfg = Release|x64
		{F433B757-BECC-44C1-846A-F56BB2C8176A}.Release|x64.Build.0 = Release|x64
		{F433B757-BECC-44C1-846A-F56BB2C8176A}.Release|x86.ActiveCfg = Release|Win32
		{F433B757-BECC-44C1-846A-F56BB2C8176A}.Release|x86.Build.0 = Release|Win32
		{F246AA1D-B417-4826-847D-25991B39654B}.Debug|x64.ActiveCfg = Debug|x64
		{F246AA1D-B417-4826-847D-25991B39654B}.Debug|x64.Build.0 = Debug|x64
		{F246AA1D-B417-4826-847D-25991B39654B}.Debug|x86.ActiveCfg = Debug|Win32
		{F246AA1D-B417-4826-847D-25991B39654B}.Debug|x86.Build.0 = Debug|Win32
		{F246AA1D-B417-4826-847D-25991B39654B}.Release|x64.ActiveCfg = Release|x64
		{F246AA1D-B417-4826-847D-25991B39654B}.Release|x64.Build.0 = Release|x64
		{F246AA1D-B417-4826-847D-25991B39654B}.Release|x86.ActiveCfg = Release|Win32
		{F246AA1D-B417-4826-847D-25991B39654B}.Release|x86.Build.0 = Release|Win32
		{F4D9FBAC-EC81-4EA2-9ECD-CDFA89737BF4}.Debug|x64.ActiveCfg = Debug|x64
		{F4D9FBAC-EC81-4EA2-9ECD-CDFA89737BF4}.Debug|x64.Build.0 = Debug|x64
		{F4D9FBAC-EC81-4EA2-9ECD-CDFA89737BF4}.Debug|x86.ActiveCfg = Debug|Win32
		{F4D9FBAC-EC81-4EA2-9ECD-CDFA89737BF4}.Debug|x86.Build.0 = Debug|Win32
		{F4D9FBAC-EC81-4EA2-9ECD-CDFA89737BF4}.Release|x64.ActiveCfg = Release|x64
		{F4D9FBAC-EC81-4EA2-9ECD-CDFA89737BF4}.Release|x64.Build.0 = Release|x64
		{F4D9FBAC-EC81-4EA2-9ECD-CDFA89737BF4}.Release|x86.ActiveCfg = Release|Win32
		{F4D9FBAC-EC81-4EA2-9ECD-CDFA89737BF4}.Release|x86.Build.0 = Release|Win32
		{B79368A7-B67B-42DC-86E6-C88C59F07F10}.Debug|x64.ActiveCfg = Debug|x64
		{B79368A7-B67B-42DC-86E6-C88C59F07F10}.Debug|x64.Build.0 = Debug|x64
		{B79368A7-B67B-42DC-86E6-C88C59F07F10}.Debug|x86.ActiveCfg = Debug|Win32
		{B79368A7-B67B-42DC-86E6-C88C59F07F10}.Debug|x86.Build.0 = Debug|Win32
		{B79368A7-B67B-42DC-86E6-C88C59F07F10}.Release|x64.ActiveCfg = Release|x64
		{B79368A7-B67B-42DC-86E6-C88C59F07F10}.Release|x64.Build.0 = Release|x64
		{B79368A7-B67B-42DC-86E6-C88C59F07F10}.Release|x86.ActiveCfg = Release|Win32
		{B79368A7-B67B-42DC-86E6-C88C59F07F10}.Release|x86.Build.0 = Release|Win32
		{29604CF1-3E12-42BD-A33C-73BD7B7EA862}.Debug|x64.ActiveCfg = Debug|x64
		{29604CF1-3E12-42BD-A33C-73BD7B7EA862}.Debug|x64.Build.0 = Debug|x64
		{29604CF1-3E12-42BD-A33C-73BD7B7EA862}.Debug|x86.ActiveCfg = Debug|Win32
		{29604CF1-3E12-42BD-A33C-73BD7B7EA862}.Debug|x86.Build.0 = Debug|Win32
		{29604CF1-3E12-42BD-A33C-73BD7B7EA862}.Release|x64.ActiveCfg = Release|x64
		{29604CF1-3E12-42BD-A33C-73BD7B7EA862}.Release|x64.Build.0 = Release|x64
		{29604CF1-3E12-42BD-A33C-73BD7B7EA862}.Release|x86.ActiveCfg = Release|Win32
		{29604CF1-3E12-42BD-A33C-73BD7B7EA862}.Release|x86.Build.0 = Release|Win32
		{0F0E1B70-3EEB-4ABA-AFD7-75E287018432}.Debug|x64.ActiveCfg = Debug|x64
		{0F0E1B70-3EEB-4ABA-AFD7-75E287018432}.Debug|x64.Build.0 = Debug|x64
		{0F0E1B70-3EEB-4ABA-AFD7-75E287018432}.Debug|x86.ActiveCfg = Debug|Win32
		{0F0E1B70-3EEB-4ABA-AFD7-75E287018432}.Debug|x86.Build.0 = Debug|Win32
		{0F0E1B70-3EEB-4ABA-AFD7-75E287018432}.Release|x64.ActiveCfg = Release|x64
		{0F0E1B70-3EEB-4ABA-AFD7-75E287018432}.Release|x64.Build.0 = Release|x64
		{0F0E1B70-3EEB-4ABA-AFD7-75E287018432}.Release|x86.ActiveCfg = Release|Win32
		{0F0E1B70-3EEB-4ABA-AFD7-75E287018432}.Release|x86.Build.0 = Release|Win32
		{2037ECFD-A1EE-428D-B8E2-D602C040B56B}.Debug|x64.ActiveCfg = Debug|x64
		{2037ECFD-A1EE-428D-B8E2-D602C040B56B}.Debug|x64.Build.0 = Debug|x64
		{2037ECFD-A1EE-428D-B8E2-D602C040B56B}.Debug|x86.ActiveCfg = Debug|Win32
		{2037ECFD-A1EE-428D-B8E2-D602C040B56B}.Debug|x86.Build.0 = Debug|Win32
		{2037ECFD-A1EE-428D-B8E2-D602C040B56B}.Release|x64.ActiveCfg = Release|x64
		{2037ECFD-A1EE-428D-B8E2-D602C040B56B}.Release|x64.Build.0 = Release|x64
		{2037ECFD-A1EE-428D-B8E2-D602C040B56B}.Release|x86.ActiveCfg = Release|Win32
		{2037ECFD-A1EE-428D-B8E2-D602C040B56B}.Release|x86.Build.0 = Release|Win32
		{630171D8-63C6-44CC-B012-2DAB279E9DC1}.Debug|x64.ActiveCfg = Debug|x64
		{630171D8-63C6-44CC-B012-2DAB279E9DC1}.Debug|x64.Build.0 = Debug|x64
		{630171D8-63C6-44CC-B012-2DAB279E9DC1}.Debug|x86.ActiveCfg = Debug|Win32
		{630171D8-63C6-44CC-B012-2DAB279E9DC1}.Debug|x86.Build.0 = Debug|Win32
		{630171D8-63C6-44CC-B012-2DAB279E9DC1}.Release|x64.ActiveCfg = Release|x64
		{630171D8-63C6-44CC-B012-2DAB279E9DC1}.Release|x64.Build.0 = Release|x64
		{630171D8-63C6-44CC-B012-2DAB279E9DC1}.Release|x86.ActiveCfg = Release|Win32
		{630171D8-63C6-44CC-B012-2DAB279E9DC1}.Release|x86.Build.0 = Release|Win32
		{BBFAD3E9-5D5F-4437-AE13-8F4CC61C1083}.Debug|x64.ActiveCfg = Debug|x64
		{BBFAD3E9-5D5F-4437-AE13-8F4CC61C1083}.Debug|x64.Build.0 = Debug|x64
		{BBFAD3E9-5D5F-4437-AE13-8F4CC61C1083}.Debug|x86.ActiveCfg = Debug|Win32
		{BBFAD3E9-5D5F-4437-AE13-8F4CC61C1083}.Debug|x86.Build.0 = Debug|Win32
		{BBFAD3E9-5D5F-4437-AE13-8F4CC61C1083}.Release|x64.ActiveCfg = Release|x64
		{BBFAD3E9-5D5F-4437-AE13-8F4CC61C1083}.Release|x64.Build.0 = Release|x64
		{BBFAD3E9-5D5F-4437-AE13-8F4CC61C1083}.Release|x86.ActiveCfg = Release|Win32
		{BBFAD3E9-5D5F-4437-AE13-8F4CC61C1083}.Release|x86.Build.0 = Release|Win32
		{845CE534-5182-4A33-9C7D-E6F39C10EB1B}.Debug|x64.ActiveCfg = Debug|x64
		{845CE534-5182-4A33-9C7D-E6F39C10EB1B}.Debug|x64.Build.0 = Debug|x64
		{845CE534-5182-4A33-9C7D-E6F39C10EB1B}.Debug|x86.ActiveCfg = Debug|Win32
		{845CE534-5182-4A33-9C7D-E6F39C10EB1B}.Debug|x86.Build.0 = Debug|Win32
		{845CE534-5182-4A33-9C7D-E6F39C10EB1B}.Release|x64.ActiveCfg = Release|x64
		{845CE534-5182-4A33-9C7D-E6F39C10EB1B}.Release|x64.Build.0 = Release|x64
		{845CE534-5182-4A33-9C7D-E6F39C10EB1B}.Release|x86.ActiveCfg = Release|Win32
		{845CE534-5182-4A33-9C7D-E6F39C10EB1B}.Release|x86.Build.0 = Release|Win32
		{C52F4FC3-6391-4230-BC18-5F4AD589AD14}.Debug|x64.ActiveCfg = Debug|x64
		{C52F4FC3-6391-4230-BC18-5F4AD589AD14}.Debug|x64.Build.0 = Debug|x64
		{C52F4FC3-6391-4230-BC18-5F4AD589AD14}.Debug|x86.ActiveCfg = Debug|Win32
		{C52F4FC3-6391-4230-BC18-5F4AD589AD14}.Debug|x86.Build.0 = Debug|Win32
		{C52F4FC3-6391-4230-BC18-5F4AD589AD14}.Release|x64.ActiveCfg = Release|x64
		{C52F4FC3-6391-4230-BC18-5F4AD589AD14}.Release|x64.Build.0 = Release|x64
		{C52F4FC3-6391-4230-BC18-5F4AD589AD14}.Release|x86.ActiveCfg = Release|Win32
		{C52F4FC3-6391-4230-BC18-5F4AD589AD14}.Release|x86.Build.0 = Release|Win32
		{8EC8A306-8F40-404B-B4F5-19DC82EC5D04}.Debug|x64.ActiveCfg = Debug|x64
		{8EC8A306-8F40-404B-B4F5-19DC82EC5D04}.Debug|x64.Build.0 = Debug|x64
		{8EC8A306-8F40-404B-B4F5-19DC82EC5D04}.Debug|x86.ActiveCfg = Debug|Win32
		{8EC8A306-8F40-404B-B4F5-19DC82EC5D04}.Debug|x86.Build.0 = Debug|Win32
		{8EC8A306-8F40-404B-B4F5-19DC82EC5D04}.Release|x64.ActiveCfg = Release|x64
		{8EC8A306-8F40-404B-B4F5-19DC82EC5D04}.Release|x64.Build.0 = Release|x64
		{8EC8A306-8F40-404B-B4F5-19DC82EC5D04}.Release|x86.ActiveCfg = Release|Win32
		{8EC8A306-8F40-404B-B4F5-19DC82EC5D04}.Release|x86.Build.0 = Release|Win32
		{968D2366-8983-430A-94EB-9B835E0ED1A7}.Debug|x64.ActiveCfg = Debug|x64
		{968D2366-8983-430A-94EB-9B835E0ED1A7}.Debug|x64.Build.0 = Debug|x64
		{968D2366-8983-430A-94EB-9B835E0ED1A7}.Debug|x86.ActiveCfg = Debug|Win32
		{968D2366-8983-430A-94EB-9B835E0ED1A7}.Debug|x86.Build.0 = Debug|Win32
		{968D2366-8983-430A-94EB-9B835E0ED1A7}.Release|x64.ActiveCfg = Release|x64
		{968D2366-8983-430A-94EB-9B835E0ED1A7}.Release|x64.Build.0 = Release|x64
		{968D2366-8983-430A-94EB-9B835E0ED1A7}.Release|x86.ActiveCfg = Release|Win32
		{968D2366-8983-430A-94EB-9B835E0ED1A7}.Release|x86.Build.0 = Release|Win32
		{D1E2CEFE-668A-4A6F-AA35-143C9AA3BF99}.Debug|x64.ActiveCfg = Debug|x64
		{D1E2CEFE-668A-4A6F-AA35-143C9AA3BF99}.Debug|x64.Build.0 = Debug|x64
		{D1E2CEFE-668A-4A6F-AA35-143C9AA3BF99}.Debug|x86.ActiveCfg = Debug|Win32
		{D1E2CEFE-668A-4A6F-AA35-143C9AA3BF99}.Debug|x86.Build.0 = Debug|Win32
		{D1E2CEFE-668A-4A6F-AA35-143C9AA3BF99}.Release|x64.ActiveCfg = Release|x64
		{D1E2CEFE-668A-4A6F-AA35-143C9AA3BF99}.Release|x64.Build.0 = Release|x64
		{D1E2CEFE-668A-4A6F-AA35-143C9AA3BF99}.Release|x86.ActiveCfg = Release|Win32
		{D1E2CEFE-668A-4A6F-AA35-143C9AA3BF99}.Release|x86.Build.0 = Release|Win32
		{73902119-3A72-4000-8D7A-8DE3E7D5FBCB}.Debug|x64.ActiveCfg = Debug|x64
		{73902119-3A72-4000-8D7A-8DE3E7D5FBCB}.Debug|x64.Build.0 = Debug|x64
		{73902119-3A72-4000-8D7A-8DE3E7D5FBCB}.Debug|x86.ActiveCfg = Debug|Win32
		{73902119-3A72-4000-8D7A-8DE3E7D5FBCB}.Debug|x86.Build.0 = Debug|Win32
		{73902119-3A72-4000-8D7A-8DE3E7D5FBCB}.Release|x64.ActiveCfg = Release|x64
		{73902119-3A72-4000-8D7A-8DE3E7D5FBCB}.Release|x64.Build.0 = Release|x64
		{73902119-3A72-4000-8D7A-8DE3E7D5FBCB}.Release|x86.ActiveCfg = Release|Win32
		{73902119-3A72-4000-8D7A-8DE3E7D5FBCB}.Release|x86.Build.0 = Release|Win32
	EndGlobalSection
	GlobalSection(SolutionProperties) = preSolution
		HideSolutionNode = FALSE
	EndGlobalSection
	GlobalSection(ExtensibilityGlobals) = postSolution
		SolutionGuid = {E89F815B-51C0-4CD6-BBD4-AC914E9DB8A7}
	EndGlobalSection
EndGlobal
